
Microsoft Visual Studio Solution File, Format Version 12.00
# Visual Studio Version 18
Project("{8BC9CEB8-8B4A-11D0-8D11-00A0C91BC942}") = "ALL_BUILD", "ALL_BUILD.vcxproj", "{393BB7ED-C70B-38F7-BF61-F70A12DD503D}"
	ProjectSection(ProjectDependencies) = postProject
		{6C158B10-71CF-35CD-87EC-D7854E4C1B91} = {6C158B10-71CF-35CD-87EC-D7854E4C1B91}
		{5C1F4CFF-C33F-3E2D-B504-D9193CEEABE0} = {5C1F4CFF-C33F-3E2D-B504-D9193CEEABE0}
		{494F4C8F-6737-34AA-B90C-39C2162462B8} = {494F4C8F-6737-34AA-B90C-39C2162462B8}
		{C69143F7-CDC1-3614-BD25-E3B9138BE33A} = {C69143F7-CDC1-3614-BD25-E3B9138BE33A}
		{CD59A5B5-7ADC-329B-BD70-DF760452CEAA} = {CD59A5B5-7ADC-329B-BD70-DF760452CEAA}
		{23144EA4-C38D-31DC-A0D0-9437D6737009} = {23144EA4-C38D-31DC-A0D0-9437D6737009}
		{A250578D-8F2E-33C2-84F5-9896498D77F9} = {A250578D-8F2E-33C2-84F5-9896498D77F9}
		{D41D5914-6336-3ACF-BD22-F4CA02FDEF41} = {D41D5914-6336-3ACF-BD22-F4CA02FDEF41}
		{11746C2B-9A25-3FBE-985E-9D97DF160283} = {11746C2B-9A25-3FBE-985E-9D97DF160283}
		{50C6CDD9-317B-3638-B1F9-A984DBDFEEA5} = {50C6CDD9-317B-3638-B1F9-A984DBDFEEA5}
		{05E8E357-2EAB-3589-9E50-161AFBBF468E} = {05E8E357-2EAB-3589-9E50-161AFBBF468E}
		{7926F6E6-DFFC-30E3-A23B-FC0269212167} = {7926F6E6-DFFC-30E3-A23B-FC0269212167}
		{E28B96AA-2350-36CB-8390-F0B395C69B97} = {E28B96AA-2350-36CB-8390-F0B395C69B97}
		{C3A6A176-AAD1-382C-B12C-1E5024890F78} = {C3A6A176-AAD1-382C-B12C-1E5024890F78}
		{39E9AE68-793C-3154-88BB-27EAAC314769} = {39E9AE68-793C-3154-88BB-27EAAC314769}
		{52DFDB8B-F709-3EF0-9B23-80767C825AC2} = {52DFDB8B-F709-3EF0-9B23-80767C825AC2}
		{E19D6F97-B432-32AD-BB93-8E5DE33527B7} = {E19D6F97-B432-32AD-BB93-8E5DE33527B7}
		{099D3FA2-ED8D-3DB0-AD4D-78FE7F06F17A} = {099D3FA2-ED8D-3DB0-AD4D-78FE7F06F17A}
		{7F41EBE9-0B43-3074-BF97-DFEC914FDE34} = {7F41EBE9-0B43-3074-BF97-DFEC914FDE34}
		{5AFCBDCA-59B7-3F76-BA23-F8CF3EE139D5} = {5AFCBDCA-59B7-3F76-BA23-F8CF3EE139D5}
		{7EE529D7-BD14-313B-938D-727B65FB5E3D} = {7EE529D7-BD14-313B-938D-727B65FB5E3D}
		{329EEC59-3124-376E-8A73-615C359C8323} = {329EEC59-3124-376E-8A73-615C359C8323}
		{BA8A85FB-6C1C-3A0B-914A-24B4B2A9D205} = {BA8A85FB-6C1C-3A0B-914A-24B4B2A9D205}
		{9196BDF2-2829-3B84-87F2-173B893E5164} = {9196BDF2-2829-3B84-87F2-173B893E5164}
		{0E5DF003-0FAD-31EC-AFC2-7366FFA7849F} = {0E5DF003-0FAD-31EC-AFC2-7366FFA7849F}
		{37F72B08-0CC7-31A4-A468-7FB89A538D33} = {37F72B08-0CC7-31A4-A468-7FB89A538D33}
		{8857CE1E-CD00-3D43-9932-53087F95E17F} = {8857CE1E-CD00-3D43-9932-53087F95E17F}
		{90AA2F93-1122-30DF-AC95-B954C7C358D5} = {90AA2F93-1122-30DF-AC95-B954C7C358D5}
		{D75C714D-F2CA-3B37-A224-E53DD0099EF9} = {D75C714D-F2CA-3B37-A224-E53DD0099EF9}
		{A2FC6CE5-6781-3A8A-8194-E783349566A7} = {A2FC6CE5-6781-3A8A-8194-E783349566A7}
		{C9FBAE5F-9B52-3A2C-85DD-51FC02B99C20} = {C9FBAE5F-9B52-3A2C-85DD-51FC02B99C20}
		{C910A9CB-B8CD-38AE-8923-FB2B70FAE1C3} = {C910A9CB-B8CD-38AE-8923-FB2B70FAE1C3}
		{4E87DAD7-C8DC-3E31-B313-8099DD3ECAA6} = {4E87DAD7-C8DC-3E31-B313-8099DD3ECAA6}
		{A851210E-A996-321C-AADD-FCBAEB01413B} = {A851210E-A996-321C-AADD-FCBAEB01413B}
	EndProjectSection
EndProject
Project("{8BC9CEB8-8B4A-11D0-8D11-00A0C91BC942}") = "Args", "_deps\cpp-terminal-build\tests\Args.vcxproj", "{6C158B10-71CF-35CD-87EC-D7854E4C1B91}"
	ProjectSection(ProjectDependencies) = postProject
		{494F4C8F-6737-34AA-B90C-39C2162462B8} = {494F4C8F-6737-34AA-B90C-39C2162462B8}
		{05E8E357-2EAB-3589-9E50-161AFBBF468E} = {05E8E357-2EAB-3589-9E50-161AFBBF468E}
	EndProjectSection
EndProject
Project("{8BC9CEB8-8B4A-11D0-8D11-00A0C91BC942}") = "FractalApp", "FractalApp.vcxproj", "{5C1F4CFF-C33F-3E2D-B504-D9193CEEABE0}"
	ProjectSection(ProjectDependencies) = postProject
		{494F4C8F-6737-34AA-B90C-39C2162462B8} = {494F4C8F-6737-34AA-B90C-39C2162462B8}
		{05E8E357-2EAB-3589-9E50-161AFBBF468E} = {05E8E357-2EAB-3589-9E50-161AFBBF468E}
	EndProjectSection
EndProject
Project("{8BC9CEB8-8B4A-11D0-8D11-00A0C91BC942}") = "INSTALL", "INSTALL.vcxproj", "{52779AA1-1F0B-389C-9B5B-258A8674319C}"
	ProjectSection(ProjectDependencies) = postProject
		{393BB7ED-C70B-38F7-BF61-F70A12DD503D} = {393BB7ED-C70B-38F7-BF61-F70A12DD503D}
		{494F4C8F-6737-34AA-B90C-39C2162462B8} = {494F4C8F-6737-34AA-B90C-39C2162462B8}
	EndProjectSection
EndProject
Project("{8BC9CEB8-8B4A-11D0-8D11-00A0C91BC942}") = "ZERO_CHECK", "ZERO_CHECK.vcxproj", "{494F4C8F-6737-34AA-B90C-39C2162462B8}"
	ProjectSection(ProjectDependencies) = postProject
	EndProjectSection
EndProject
Project("{8BC9CEB8-8B4A-11D0-8D11-00A0C91BC942}") = "args", "_deps\cpp-terminal-build\examples\args.vcxproj", "{C69143F7-CDC1-3614-BD25-E3B9138BE33A}"
	ProjectSection(ProjectDependencies) = postProject
		{494F4C8F-6737-34AA-B90C-39C2162462B8} = {494F4C8F-6737-34AA-B90C-39C2162462B8}
		{05E8E357-2EAB-3589-9E50-161AFBBF468E} = {05E8E357-2EAB-3589-9E50-161AFBBF468E}
	EndProjectSection
EndProject
Project("{8BC9CEB8-8B4A-11D0-8D11-00A0C91BC942}") = "attach_console", "_deps\cpp-terminal-build\examples\attach_console.vcxproj", "{CD59A5B5-7ADC-329B-BD70-DF760452CEAA}"
	ProjectSection(ProjectDependencies) = postProject
		{494F4C8F-6737-34AA-B90C-39C2162462B8} = {494F4C8F-6737-34AA-B90C-39C2162462B8}
		{05E8E357-2EAB-3589-9E50-161AFBBF468E} = {05E8E357-2EAB-3589-9E50-161AFBBF468E}
	EndProjectSection
EndProject
Project("{8BC9CEB8-8B4A-11D0-8D11-00A0C91BC942}") = "attach_console_minimal", "_deps\cpp-terminal-build\examples\attach_console_minimal.vcxproj", "{23144EA4-C38D-31DC-A0D0-9437D6737009}"
	ProjectSection(ProjectDependencies) = postProject
		{494F4C8F-6737-34AA-B90C-39C2162462B8} = {494F4C8F-6737-34AA-B90C-39C2162462B8}
		{05E8E357-2EAB-3589-9E50-161AFBBF468E} = {05E8E357-2EAB-3589-9E50-161AFBBF468E}
	EndProjectSection
EndProject
Project("{8BC9CEB8-8B4A-11D0-8D11-00A0C91BC942}") = "cin_cooked", "_deps\cpp-terminal-build\examples\cin_cooked.vcxproj", "{A250578D-8F2E-33C2-84F5-9896498D77F9}"
	ProjectSection(ProjectDependencies) = postProject
		{494F4C8F-6737-34AA-B90C-39C2162462B8} = {494F4C8F-6737-34AA-B90C-39C2162462B8}
		{05E8E357-2EAB-3589-9E50-161AFBBF468E} = {05E8E357-2EAB-3589-9E50-161AFBBF468E}
	EndProjectSection
EndProject
Project("{8BC9CEB8-8B4A-11D0-8D11-00A0C91BC942}") = "cin_raw", "_deps\cpp-terminal-build\examples\cin_raw.vcxproj", "{D41D5914-6336-3ACF-BD22-F4CA02FDEF41}"
	ProjectSection(ProjectDependencies) = postProject
		{494F4C8F-6737-34AA-B90C-39C2162462B8} = {494F4C8F-6737-34AA-B90C-39C2162462B8}
		{05E8E357-2EAB-3589-9E50-161AFBBF468E} = {05E8E357-2EAB-3589-9E50-161AFBBF468E}
	EndProjectSection
EndProject
Project("{8BC9CEB8-8B4A-11D0-8D11-00A0C91BC942}") = "colors", "_deps\cpp-terminal-build\examples\colors.vcxproj", "{11746C2B-9A25-3FBE-985E-9D97DF160283}"
	ProjectSection(ProjectDependencies) = postProject
		{494F4C8F-6737-34AA-B90C-39C2162462B8} = {494F4C8F-6737-34AA-B90C-39C2162462B8}
		{05E8E357-2EAB-3589-9E50-161AFBBF468E} = {05E8E357-2EAB-3589-9E50-161AFBBF468E}
	EndProjectSection
EndProject
Project("{8BC9CEB8-8B4A-11D0-8D11-00A0C91BC942}") = "cout", "_deps\cpp-terminal-build\examples\cout.vcxproj", "{50C6CDD9-317B-3638-B1F9-A984DBDFEEA5}"
	ProjectSection(ProjectDependencies) = postProject
		{494F4C8F-6737-34AA-B90C-39C2162462B8} = {494F4C8F-6737-34AA-B90C-39C2162462B8}
		{05E8E357-2EAB-3589-9E50-161AFBBF468E} = {05E8E357-2EAB-3589-9E50-161AFBBF468E}
	EndProjectSection
EndProject
Project("{8BC9CEB8-8B4A-11D0-8D11-00A0C91BC942}") = "cpp-terminal", "_deps\cpp-terminal-build\cpp-terminal\cpp-terminal.vcxproj", "{05E8E357-2EAB-3589-9E50-161AFBBF468E}"
	ProjectSection(ProjectDependencies) = postProject
		{494F4C8F-6737-34AA-B90C-39C2162462B8} = {494F4C8F-6737-34AA-B90C-39C2162462B8}
	EndProjectSection
EndProject
Project("{8BC9CEB8-8B4A-11D0-8D11-00A0C91BC942}") = "cursor", "_deps\cpp-terminal-build\examples\cursor.vcxproj", "{7926F6E6-DFFC-30E3-A23B-FC0269212167}"
	ProjectSection(ProjectDependencies) = postProject
		{494F4C8F-6737-34AA-B90C-39C2162462B8} = {494F4C8F-6737-34AA-B90C-39C2162462B8}
		{05E8E357-2EAB-3589-9E50-161AFBBF468E} = {05E8E357-2EAB-3589-9E50-161AFBBF468E}
	EndProjectSection
EndProject
Project("{8BC9CEB8-8B4A-11D0-8D11-00A0C91BC942}") = "doc-html", "_deps\cpp-terminal-build\docs\doc-html.vcxproj", "{04D754D6-D30C-36F2-8C12-3F692E3F239E}"
	ProjectSection(ProjectDependencies) = postProject
		{494F4C8F-6737-34AA-B90C-39C2162462B8} = {494F4C8F-6737-34AA-B90C-39C2162462B8}
	EndProjectSection
EndProject
Project("{8BC9CEB8-8B4A-11D0-8D11-00A0C91BC942}") = "doc-latex", "_deps\cpp-terminal-build\docs\doc-latex.vcxproj", "{5795F941-67C6-35E2-B6DA-7E0FBE0701B2}"
	ProjectSection(ProjectDependencies) = postProject
		{494F4C8F-6737-34AA-B90C-39C2162462B8} = {494F4C8F-6737-34AA-B90C-39C2162462B8}
	EndProjectSection
EndProject
Project("{8BC9CEB8-8B4A-11D0-8D11-00A0C91BC942}") = "docs", "_deps\cpp-terminal-build\docs\docs.vcxproj", "{733B284E-BEB8-33E4-AD33-EBF8280DDDCB}"
	ProjectSection(ProjectDependencies) = postProject
		{494F4C8F-6737-34AA-B90C-39C2162462B8} = {494F4C8F-6737-34AA-B90C-39C2162462B8}
	EndProjectSection
EndProject
Project("{8BC9CEB8-8B4A-11D0-8D11-00A0C91BC942}") = "doctest_with_main", "_deps\doctest-build\doctest_with_main.vcxproj", "{E28B96AA-2350-36CB-8390-F0B395C69B97}"
	ProjectSection(ProjectDependencies) = postProject
		{494F4C8F-6737-34AA-B90C-39C2162462B8} = {494F4C8F-6737-34AA-B90C-39C2162462B8}
	EndProjectSection
EndProject
Project("{8BC9CEB8-8B4A-11D0-8D11-00A0C91BC942}") = "events", "_deps\cpp-terminal-build\examples\events.vcxproj", "{C3A6A176-AAD1-382C-B12C-1E5024890F78}"
	ProjectSection(ProjectDependencies) = postProject
		{494F4C8F-6737-34AA-B90C-39C2162462B8} = {494F4C8F-6737-34AA-B90C-39C2162462B8}
		{05E8E357-2EAB-3589-9E50-161AFBBF468E} = {05E8E357-2EAB-3589-9E50-161AFBBF468E}
	EndProjectSection
EndProject
Project("{8BC9CEB8-8B4A-11D0-8D11-00A0C91BC942}") = "events.test", "_deps\cpp-terminal-build\tests\events.test.vcxproj", "{39E9AE68-793C-3154-88BB-27EAAC314769}"
	ProjectSection(ProjectDependencies) = postProject
		{494F4C8F-6737-34AA-B90C-39C2162462B8} = {494F4C8F-6737-34AA-B90C-39C2162462B8}
		{05E8E357-2EAB-3589-9E50-161AFBBF468E} = {05E8E357-2EAB-3589-9E50-161AFBBF468E}
	EndProjectSection
EndProject
Project("{8BC9CEB8-8B4A-11D0-8D11-00A0C91BC942}") = "exception.test", "_deps\cpp-terminal-build\tests\exception.test.vcxproj", "{52DFDB8B-F709-3EF0-9B23-80767C825AC2}"
	ProjectSection(ProjectDependencies) = postProject
		{494F4C8F-6737-34AA-B90C-39C2162462B8} = {494F4C8F-6737-34AA-B90C-39C2162462B8}
		{05E8E357-2EAB-3589-9E50-161AFBBF468E} = {05E8E357-2EAB-3589-9E50-161AFBBF468E}
	EndProjectSection
EndProject
Project("{8BC9CEB8-8B4A-11D0-8D11-00A0C91BC942}") = "file.test", "_deps\cpp-terminal-build\tests\file.test.vcxproj", "{E19D6F97-B432-32AD-BB93-8E5DE33527B7}"
	ProjectSection(ProjectDependencies) = postProject
		{494F4C8F-6737-34AA-B90C-39C2162462B8} = {494F4C8F-6737-34AA-B90C-39C2162462B8}
		{05E8E357-2EAB-3589-9E50-161AFBBF468E} = {05E8E357-2EAB-3589-9E50-161AFBBF468E}
	EndProjectSection
EndProject
Project("{8BC9CEB8-8B4A-11D0-8D11-00A0C91BC942}") = "key.test", "_deps\cpp-terminal-build\tests\key.test.vcxproj", "{099D3FA2-ED8D-3DB0-AD4D-78FE7F06F17A}"
	ProjectSection(ProjectDependencies) = postProject
		{494F4C8F-6737-34AA-B90C-39C2162462B8} = {494F4C8F-6737-34AA-B90C-39C2162462B8}
		{05E8E357-2EAB-3589-9E50-161AFBBF468E} = {05E8E357-2EAB-3589-9E50-161AFBBF468E}
	EndProjectSection
EndProject
Project("{8BC9CEB8-8B4A-11D0-8D11-00A0C91BC942}") = "keys", "_deps\cpp-terminal-build\examples\keys.vcxproj", "{7F41EBE9-0B43-3074-BF97-DFEC914FDE34}"
	ProjectSection(ProjectDependencies) = postProject
		{494F4C8F-6737-34AA-B90C-39C2162462B8} = {494F4C8F-6737-34AA-B90C-39C2162462B8}
		{05E8E357-2EAB-3589-9E50-161AFBBF468E} = {05E8E357-2EAB-3589-9E50-161AFBBF468E}
	EndProjectSection
EndProject
Project("{8BC9CEB8-8B4A-11D0-8D11-00A0C91BC942}") = "kilo", "_deps\cpp-terminal-build\examples\kilo.vcxproj", "{5AFCBDCA-59B7-3F76-BA23-F8CF3EE139D5}"
	ProjectSection(ProjectDependencies) = postProject
		{494F4C8F-6737-34AA-B90C-39C2162462B8} = {494F4C8F-6737-34AA-B90C-39C2162462B8}
		{05E8E357-2EAB-3589-9E50-161AFBBF468E} = {05E8E357-2EAB-3589-9E50-161AFBBF468E}
	EndProjectSection
EndProject
Project("{8BC9CEB8-8B4A-11D0-8D11-00A0C91BC942}") = "menu", "_deps\cpp-terminal-build\examples\menu.vcxproj", "{7EE529D7-BD14-313B-938D-727B65FB5E3D}"
	ProjectSection(ProjectDependencies) = postProject
		{494F4C8F-6737-34AA-B90C-39C2162462B8} = {494F4C8F-6737-34AA-B90C-39C2162462B8}
		{05E8E357-2EAB-3589-9E50-161AFBBF468E} = {05E8E357-2EAB-3589-9E50-161AFBBF468E}
	EndProjectSection
EndProject
Project("{8BC9CEB8-8B4A-11D0-8D11-00A0C91BC942}") = "menu_window", "_deps\cpp-terminal-build\examples\menu_window.vcxproj", "{329EEC59-3124-376E-8A73-615C359C8323}"
	ProjectSection(ProjectDependencies) = postProject
		{494F4C8F-6737-34AA-B90C-39C2162462B8} = {494F4C8F-6737-34AA-B90C-39C2162462B8}
		{05E8E357-2EAB-3589-9E50-161AFBBF468E} = {05E8E357-2EAB-3589-9E50-161AFBBF468E}
	EndProjectSection
EndProject
Project("{8BC9CEB8-8B4A-11D0-8D11-00A0C91BC942}") = "minimal", "_deps\cpp-terminal-build\examples\minimal.vcxproj", "{BA8A85FB-6C1C-3A0B-914A-24B4B2A9D205}"
	ProjectSection(ProjectDependencies) = postProject
		{494F4C8F-6737-34AA-B90C-39C2162462B8} = {494F4C8F-6737-34AA-B90C-39C2162462B8}
		{05E8E357-2EAB-3589-9E50-161AFBBF468E} = {05E8E357-2EAB-3589-9E50-161AFBBF468E}
	EndProjectSection
EndProject
Project("{8BC9CEB8-8B4A-11D0-8D11-00A0C91BC942}") = "options.test", "_deps\cpp-terminal-build\tests\options.test.vcxproj", "{9196BDF2-2829-3B84-87F2-173B893E5164}"
	ProjectSection(ProjectDependencies) = postProject
		{494F4C8F-6737-34AA-B90C-39C2162462B8} = {494F4C8F-6737-34AA-B90C-39C2162462B8}
		{05E8E357-2EAB-3589-9E50-161AFBBF468E} = {05E8E357-2EAB-3589-9E50-161AFBBF468E}
	EndProjectSection
EndProject
Project("{8BC9CEB8-8B4A-11D0-8D11-00A0C91BC942}") = "prompt_immediate", "_deps\cpp-terminal-build\examples\prompt_immediate.vcxproj", "{0E5DF003-0FAD-31EC-AFC2-7366FFA7849F}"
	ProjectSection(ProjectDependencies) = postProject
		{494F4C8F-6737-34AA-B90C-39C2162462B8} = {494F4C8F-6737-34AA-B90C-39C2162462B8}
		{05E8E357-2EAB-3589-9E50-161AFBBF468E} = {05E8E357-2EAB-3589-9E50-161AFBBF468E}
	EndProjectSection
EndProject
Project("{8BC9CEB8-8B4A-11D0-8D11-00A0C91BC942}") = "prompt_multiline", "_deps\cpp-terminal-build\examples\prompt_multiline.vcxproj", "{37F72B08-0CC7-31A4-A468-7FB89A538D33}"
	ProjectSection(ProjectDependencies) = postProject
		{494F4C8F-6737-34AA-B90C-39C2162462B8} = {494F4C8F-6737-34AA-B90C-39C2162462B8}
		{05E8E357-2EAB-3589-9E50-161AFBBF468E} = {05E8E357-2EAB-3589-9E50-161AFBBF468E}
	EndProjectSection
EndProject
Project("{8BC9CEB8-8B4A-11D0-8D11-00A0C91BC942}") = "prompt_not_immediate", "_deps\cpp-terminal-build\examples\prompt_not_immediate.vcxproj", "{8857CE1E-CD00-3D43-9932-53087F95E17F}"
	ProjectSection(ProjectDependencies) = postProject
		{494F4C8F-6737-34AA-B90C-39C2162462B8} = {494F4C8F-6737-34AA-B90C-39C2162462B8}
		{05E8E357-2EAB-3589-9E50-161AFBBF468E} = {05E8E357-2EAB-3589-9E50-161AFBBF468E}
	EndProjectSection
EndProject
Project("{8BC9CEB8-8B4A-11D0-8D11-00A0C91BC942}") = "prompt_simple", "_deps\cpp-terminal-build\examples\prompt_simple.vcxproj", "{90AA2F93-1122-30DF-AC95-B954C7C358D5}"
	ProjectSection(ProjectDependencies) = postProject
		{494F4C8F-6737-34AA-B90C-39C2162462B8} = {494F4C8F-6737-34AA-B90C-39C2162462B8}
		{05E8E357-2EAB-3589-9E50-161AFBBF468E} = {05E8E357-2EAB-3589-9E50-161AFBBF468E}
	EndProjectSection
EndProject
Project("{8BC9CEB8-8B4A-11D0-8D11-00A0C91BC942}") = "screen.test", "_deps\cpp-terminal-build\tests\screen.test.vcxproj", "{D75C714D-F2CA-3B37-A224-E53DD0099EF9}"
	ProjectSection(ProjectDependencies) = postProject
		{494F4C8F-6737-34AA-B90C-39C2162462B8} = {494F4C8F-6737-34AA-B90C-39C2162462B8}
		{05E8E357-2EAB-3589-9E50-161AFBBF468E} = {05E8E357-2EAB-3589-9E50-161AFBBF468E}
	EndProjectSection
EndProject
Project("{8BC9CEB8-8B4A-11D0-8D11-00A0C91BC942}") = "signal", "_deps\cpp-terminal-build\examples\signal.vcxproj", "{A2FC6CE5-6781-3A8A-8194-E783349566A7}"
	ProjectSection(ProjectDependencies) = postProject
		{494F4C8F-6737-34AA-B90C-39C2162462B8} = {494F4C8F-6737-34AA-B90C-39C2162462B8}
		{05E8E357-2EAB-3589-9E50-161AFBBF468E} = {05E8E357-2EAB-3589-9E50-161AFBBF468E}
	EndProjectSection
EndProject
Project("{8BC9CEB8-8B4A-11D0-8D11-00A0C91BC942}") = "styles", "_deps\cpp-terminal-build\examples\styles.vcxproj", "{C9FBAE5F-9B52-3A2C-85DD-51FC02B99C20}"
	ProjectSection(ProjectDependencies) = postProject
		{494F4C8F-6737-34AA-B90C-39C2162462B8} = {494F4C8F-6737-34AA-B90C-39C2162462B8}
		{05E8E357-2EAB-3589-9E50-161AFBBF468E} = {05E8E357-2EAB-3589-9E50-161AFBBF468E}
	EndProjectSection
EndProject
Project("{8BC9CEB8-8B4A-11D0-8D11-00A0C91BC942}") = "unicode.test", "_deps\cpp-terminal-build\tests\unicode.test.vcxproj", "{C910A9CB-B8CD-38AE-8923-FB2B70FAE1C3}"
	ProjectSection(ProjectDependencies) = postProject
		{494F4C8F-6737-34AA-B90C-39C2162462B8} = {494F4C8F-6737-34AA-B90C-39C2162462B8}
		{05E8E357-2EAB-3589-9E50-161AFBBF468E} = {05E8E357-2EAB-3589-9E50-161AFBBF468E}
	EndProjectSection
EndProject
Project("{8BC9CEB8-8B4A-11D0-8D11-00A0C91BC942}") = "utf8", "_deps\cpp-terminal-build\examples\utf8.vcxproj", "{4E87DAD7-C8DC-3E31-B313-8099DD3ECAA6}"
	ProjectSection(ProjectDependencies) = postProject
		{494F4C8F-6737-34AA-B90C-39C2162462B8} = {494F4C8F-6737-34AA-B90C-39C2162462B8}
		{05E8E357-2EAB-3589-9E50-161AFBBF468E} = {05E8E357-2EAB-3589-9E50-161AFBBF468E}
	EndProjectSection
EndProject
Project("{8BC9CEB8-8B4A-11D0-8D11-00A0C91BC942}") = "version.test", "_deps\cpp-terminal-build\tests\version.test.vcxproj", "{A851210E-A996-321C-AADD-FCBAEB01413B}"
	ProjectSection(ProjectDependencies) = postProject
		{494F4C8F-6737-34AA-B90C-39C2162462B8} = {494F4C8F-6737-34AA-B90C-39C2162462B8}
		{05E8E357-2EAB-3589-9E50-161AFBBF468E} = {05E8E357-2EAB-3589-9E50-161AFBBF468E}
	EndProjectSection
EndProject
Global
	GlobalSection(SolutionConfigurationPlatforms) = preSolution
		Debug|x64 = Debug|x64
		Release|x64 = Release|x64
		MinSizeRel|x64 = MinSizeRel|x64
		RelWithDebInfo|x64 = RelWithDebInfo|x64
	EndGlobalSection
	GlobalSection(ProjectConfigurationPlatforms) = postSolution
		{393BB7ED-C70B-38F7-BF61-F70A12DD503D}.Debug|x64.ActiveCfg = Debug|x64
		{393BB7ED-C70B-38F7-BF61-F70A12DD503D}.Debug|x64.Build.0 = Debug|x64
		{393BB7ED-C70B-38F7-BF61-F70A12DD503D}.Release|x64.ActiveCfg = Release|x64
		{393BB7ED-C70B-38F7-BF61-F70A12DD503D}.Release|x64.Build.0 = Release|x64
		{393BB7ED-C70B-38F7-BF61-F70A12DD503D}.MinSizeRel|x64.ActiveCfg = MinSizeRel|x64
		{393BB7ED-C70B-38F7-BF61-F70A12DD503D}.MinSizeRel|x64.Build.0 = MinSizeRel|x64
		{393BB7ED-C70B-38F7-BF61-F70A12DD503D}.RelWithDebInfo|x64.ActiveCfg = RelWithDebInfo|x64
		{393BB7ED-C70B-38F7-BF61-F70A12DD503D}.RelWithDebInfo|x64.Build.0 = RelWithDebInfo|x64
		{6C158B10-71CF-35CD-87EC-D7854E4C1B91}.Debug|x64.ActiveCfg = Debug|x64
		{6C158B10-71CF-35CD-87EC-D7854E4C1B91}.Debug|x64.Build.0 = Debug|x64
		{6C158B10-71CF-35CD-87EC-D7854E4C1B91}.Release|x64.ActiveCfg = Release|x64
		{6C158B10-71CF-35CD-87EC-D7854E4C1B91}.Release|x64.Build.0 = Release|x64
		{6C158B10-71CF-35CD-87EC-D7854E4C1B91}.MinSizeRel|x64.ActiveCfg = MinSizeRel|x64
		{6C158B10-71CF-35CD-87EC-D7854E4C1B91}.MinSizeRel|x64.Build.0 = MinSizeRel|x64
		{6C158B10-71CF-35CD-87EC-D7854E4C1B91}.RelWithDebInfo|x64.ActiveCfg = RelWithDebInfo|x64
		{6C158B10-71CF-35CD-87EC-D7854E4C1B91}.RelWithDebInfo|x64.Build.0 = RelWithDebInfo|x64
		{5C1F4CFF-C33F-3E2D-B504-D9193CEEABE0}.Debug|x64.ActiveCfg = Debug|x64
		{5C1F4CFF-C33F-3E2D-B504-D9193CEEABE0}.Debug|x64.Build.0 = Debug|x64
		{5C1F4CFF-C33F-3E2D-B504-D9193CEEABE0}.Release|x64.ActiveCfg = Release|x64
		{5C1F4CFF-C33F-3E2D-B504-D9193CEEABE0}.Release|x64.Build.0 = Release|x64
		{5C1F4CFF-C33F-3E2D-B504-D9193CEEABE0}.MinSizeRel|x64.ActiveCfg = MinSizeRel|x64
		{5C1F4CFF-C33F-3E2D-B504-D9193CEEABE0}.MinSizeRel|x64.Build.0 = MinSizeRel|x64
		{5C1F4CFF-C33F-3E2D-B504-D9193CEEABE0}.RelWithDebInfo|x64.ActiveCfg = RelWithDebInfo|x64
		{5C1F4CFF-C33F-3E2D-B504-D9193CEEABE0}.RelWithDebInfo|x64.Build.0 = RelWithDebInfo|x64
		{52779AA1-1F0B-389C-9B5B-258A8674319C}.Debug|x64.ActiveCfg = Debug|x64
		{52779AA1-1F0B-389C-9B5B-258A8674319C}.Release|x64.ActiveCfg = Release|x64
		{52779AA1-1F0B-389C-9B5B-258A8674319C}.MinSizeRel|x64.ActiveCfg = MinSizeRel|x64
		{52779AA1-1F0B-389C-9B5B-258A8674319C}.RelWithDebInfo|x64.ActiveCfg = RelWithDebInfo|x64
		{494F4C8F-6737-34AA-B90C-39C2162462B8}.Debug|x64.ActiveCfg = Debug|x64
		{494F4C8F-6737-34AA-B90C-39C2162462B8}.Debug|x64.Build.0 = Debug|x64
		{494F4C8F-6737-34AA-B90C-39C2162462B8}.Release|x64.ActiveCfg = Release|x64
		{494F4C8F-6737-34AA-B90C-39C2162462B8}.Release|x64.Build.0 = Release|x64
		{494F4C8F-6737-34AA-B90C-39C2162462B8}.MinSizeRel|x64.ActiveCfg = MinSizeRel|x64
		{494F4C8F-6737-34AA-B90C-39C2162462B8}.MinSizeRel|x64.Build.0 = MinSizeRel|x64
		{494F4C8F-6737-34AA-B90C-39C2162462B8}.RelWithDebInfo|x64.ActiveCfg = RelWithDebInfo|x64
		{494F4C8F-6737-34AA-B90C-39C2162462B8}.RelWithDebInfo|x64.Build.0 = RelWithDebInfo|x64
		{C69143F7-CDC1-3614-BD25-E3B9138BE33A}.Debug|x64.ActiveCfg = Debug|x64
		{C69143F7-CDC1-3614-BD25-E3B9138BE33A}.Debug|x64.Build.0 = Debug|x64
		{C69143F7-CDC1-3614-BD25-E3B9138BE33A}.Release|x64.ActiveCfg = Release|x64
		{C69143F7-CDC1-3614-BD25-E3B9138BE33A}.Release|x64.Build.0 = Release|x64
		{C69143F7-CDC1-3614-BD25-E3B9138BE33A}.MinSizeRel|x64.ActiveCfg = MinSizeRel|x64
		{C69143F7-CDC1-3614-BD25-E3B9138BE33A}.MinSizeRel|x64.Build.0 = MinSizeRel|x64
		{C69143F7-CDC1-3614-BD25-E3B9138BE33A}.RelWithDebInfo|x64.ActiveCfg = RelWithDebInfo|x64
		{C69143F7-CDC1-3614-BD25-E3B9138BE33A}.RelWithDebInfo|x64.Build.0 = RelWithDebInfo|x64
		{CD59A5B5-7ADC-329B-BD70-DF760452CEAA}.Debug|x64.ActiveCfg = Debug|x64
		{CD59A5B5-7ADC-329B-BD70-DF760452CEAA}.Debug|x64.Build.0 = Debug|x64
		{CD59A5B5-7ADC-329B-BD70-DF760452CEAA}.Release|x64.ActiveCfg = Release|x64
		{CD59A5B5-7ADC-329B-BD70-DF760452CEAA}.Release|x64.Build.0 = Release|x64
		{CD59A5B5-7ADC-329B-BD70-DF760452CEAA}.MinSizeRel|x64.ActiveCfg = MinSizeRel|x64
		{CD59A5B5-7ADC-329B-BD70-DF760452CEAA}.MinSizeRel|x64.Build.0 = MinSizeRel|x64
		{CD59A5B5-7ADC-329B-BD70-DF760452CEAA}.RelWithDebInfo|x64.ActiveCfg = RelWithDebInfo|x64
		{CD59A5B5-7ADC-329B-BD70-DF760452CEAA}.RelWithDebInfo|x64.Build.0 = RelWithDebInfo|x64
		{23144EA4-C38D-31DC-A0D0-9437D6737009}.Debug|x64.ActiveCfg = Debug|x64
		{23144EA4-C38D-31DC-A0D0-9437D6737009}.Debug|x64.Build.0 = Debug|x64
		{23144EA4-C38D-31DC-A0D0-9437D6737009}.Release|x64.ActiveCfg = Release|x64
		{23144EA4-C38D-31DC-A0D0-9437D6737009}.Release|x64.Build.0 = Release|x64
		{23144EA4-C38D-31DC-A0D0-9437D6737009}.MinSizeRel|x64.ActiveCfg = MinSizeRel|x64
		{23144EA4-C38D-31DC-A0D0-9437D6737009}.MinSizeRel|x64.Build.0 = MinSizeRel|x64
		{23144EA4-C38D-31DC-A0D0-9437D6737009}.RelWithDebInfo|x64.ActiveCfg = RelWithDebInfo|x64
		{23144EA4-C38D-31DC-A0D0-9437D6737009}.RelWithDebInfo|x64.Build.0 = RelWithDebInfo|x64
		{A250578D-8F2E-33C2-84F5-9896498D77F9}.Debug|x64.ActiveCfg = Debug|x64
		{A250578D-8F2E-33C2-84F5-9896498D77F9}.Debug|x64.Build.0 = Debug|x64
		{A250578D-8F2E-33C2-84F5-9896498D77F9}.Release|x64.ActiveCfg = Release|x64
		{A250578D-8F2E-33C2-84F5-9896498D77F9}.Release|x64.Build.0 = Release|x64
		{A250578D-8F2E-33C2-84F5-9896498D77F9}.MinSizeRel|x64.ActiveCfg = MinSizeRel|x64
		{A250578D-8F2E-33C2-84F5-9896498D77F9}.MinSizeRel|x64.Build.0 = MinSizeRel|x64
		{A250578D-8F2E-33C2-84F5-9896498D77F9}.RelWithDebInfo|x64.ActiveCfg = RelWithDebInfo|x64
		{A250578D-8F2E-33C2-84F5-9896498D77F9}.RelWithDebInfo|x64.Build.0 = RelWithDebInfo|x64
		{D41D5914-6336-3ACF-BD22-F4CA02FDEF41}.Debug|x64.ActiveCfg = Debug|x64
		{D41D5914-6336-3ACF-BD22-F4CA02FDEF41}.Debug|x64.Build.0 = Debug|x64
		{D41D5914-6336-3ACF-BD22-F4CA02FDEF41}.Release|x64.ActiveCfg = Release|x64
		{D41D5914-6336-3ACF-BD22-F4CA02FDEF41}.Release|x64.Build.0 = Release|x64
		{D41D5914-6336-3ACF-BD22-F4CA02FDEF41}.MinSizeRel|x64.ActiveCfg = MinSizeRel|x64
		{D41D5914-6336-3ACF-BD22-F4CA02FDEF41}.MinSizeRel|x64.Build.0 = MinSizeRel|x64
		{D41D5914-6336-3ACF-BD22-F4CA02FDEF41}.RelWithDebInfo|x64.ActiveCfg = RelWithDebInfo|x64
		{D41D5914-6336-3ACF-BD22-F4CA02FDEF41}.RelWithDebInfo|x64.Build.0 = RelWithDebInfo|x64
		{11746C2B-9A25-3FBE-985E-9D97DF160283}.Debug|x64.ActiveCfg = Debug|x64
		{11746C2B-9A25-3FBE-985E-9D97DF160283}.Debug|x64.Build.0 = Debug|x64
		{11746C2B-9A25-3FBE-985E-9D97DF160283}.Release|x64.ActiveCfg = Release|x64
		{11746C2B-9A25-3FBE-985E-9D97DF160283}.Release|x64.Build.0 = Release|x64
		{11746C2B-9A25-3FBE-985E-9D97DF160283}.MinSizeRel|x64.ActiveCfg = MinSizeRel|x64
		{11746C2B-9A25-3FBE-985E-9D97DF160283}.MinSizeRel|x64.Build.0 = MinSizeRel|x64
		{11746C2B-9A25-3FBE-985E-9D97DF160283}.RelWithDebInfo|x64.ActiveCfg = RelWithDebInfo|x64
		{11746C2B-9A25-3FBE-985E-9D97DF160283}.RelWithDebInfo|x64.Build.0 = RelWithDebInfo|x64
		{50C6CDD9-317B-3638-B1F9-A984DBDFEEA5}.Debug|x64.ActiveCfg = Debug|x64
		{50C6CDD9-317B-3638-B1F9-A984DBDFEEA5}.Debug|x64.Build.0 = Debug|x64
		{50C6CDD9-317B-3638-B1F9-A984DBDFEEA5}.Release|x64.ActiveCfg = Release|x64
		{50C6CDD9-317B-3638-B1F9-A984DBDFEEA5}.Release|x64.Build.0 = Release|x64
		{50C6CDD9-317B-3638-B1F9-A984DBDFEEA5}.MinSizeRel|x64.ActiveCfg = MinSizeRel|x64
		{50C6CDD9-317B-3638-B1F9-A984DBDFEEA5}.MinSizeRel|x64.Build.0 = MinSizeRel|x64
		{50C6CDD9-317B-3638-B1F9-A984DBDFEEA5}.RelWithDebInfo|x64.ActiveCfg = RelWithDebInfo|x64
		{50C6CDD9-317B-3638-B1F9-A984DBDFEEA5}.RelWithDebInfo|x64.Build.0 = RelWithDebInfo|x64
		{05E8E357-2EAB-3589-9E50-161AFBBF468E}.Debug|x64.ActiveCfg = Debug|x64
		{05E8E357-2EAB-3589-9E50-161AFBBF468E}.Debug|x64.Build.0 = Debug|x64
		{05E8E357-2EAB-3589-9E50-161AFBBF468E}.Release|x64.ActiveCfg = Release|x64
		{05E8E357-2EAB-3589-9E50-161AFBBF468E}.Release|x64.Build.0 = Release|x64
		{05E8E357-2EAB-3589-9E50-161AFBBF468E}.MinSizeRel|x64.ActiveCfg = MinSizeRel|x64
		{05E8E357-2EAB-3589-9E50-161AFBBF468E}.MinSizeRel|x64.Build.0 = MinSizeRel|x64
		{05E8E357-2EAB-3589-9E50-161AFBBF468E}.RelWithDebInfo|x64.ActiveCfg = RelWithDebInfo|x64
		{05E8E357-2EAB-3589-9E50-161AFBBF468E}.RelWithDebInfo|x64.Build.0 = RelWithDebInfo|x64
		{7926F6E6-DFFC-30E3-A23B-FC0269212167}.Debug|x64.ActiveCfg = Debug|x64
		{7926F6E6-DFFC-30E3-A23B-FC0269212167}.Debug|x64.Build.0 = Debug|x64
		{7926F6E6-DFFC-30E3-A23B-FC0269212167}.Release|x64.ActiveCfg = Release|x64
		{7926F6E6-DFFC-30E3-A23B-FC0269212167}.Release|x64.Build.0 = Release|x64
		{7926F6E6-DFFC-30E3-A23B-FC0269212167}.MinSizeRel|x64.ActiveCfg = MinSizeRel|x64
		{7926F6E6-DFFC-30E3-A23B-FC0269212167}.MinSizeRel|x64.Build.0 = MinSizeRel|x64
		{7926F6E6-DFFC-30E3-A23B-FC0269212167}.RelWithDebInfo|x64.ActiveCfg = RelWithDebInfo|x64
		{7926F6E6-DFFC-30E3-A23B-FC0269212167}.RelWithDebInfo|x64.Build.0 = RelWithDebInfo|x64
		{04D754D6-D30C-36F2-8C12-3F692E3F239E}.Debug|x64.ActiveCfg = Debug|x64
		{04D754D6-D30C-36F2-8C12-3F692E3F239E}.Release|x64.ActiveCfg = Release|x64
		{04D754D6-D30C-36F2-8C12-3F692E3F239E}.MinSizeRel|x64.ActiveCfg = MinSizeRel|x64
		{04D754D6-D30C-36F2-8C12-3F692E3F239E}.RelWithDebInfo|x64.ActiveCfg = RelWithDebInfo|x64
		{5795F941-67C6-35E2-B6DA-7E0FBE0701B2}.Debug|x64.ActiveCfg = Debug|x64
		{5795F941-67C6-35E2-B6DA-7E0FBE0701B2}.Release|x64.ActiveCfg = Release|x64
		{5795F941-67C6-35E2-B6DA-7E0FBE0701B2}.MinSizeRel|x64.ActiveCfg = MinSizeRel|x64
		{5795F941-67C6-35E2-B6DA-7E0FBE0701B2}.RelWithDebInfo|x64.ActiveCfg = RelWithDebInfo|x64
		{733B284E-BEB8-33E4-AD33-EBF8280DDDCB}.Debug|x64.ActiveCfg = Debug|x64
		{733B284E-BEB8-33E4-AD33-EBF8280DDDCB}.Release|x64.ActiveCfg = Release|x64
		{733B284E-BEB8-33E4-AD33-EBF8280DDDCB}.MinSizeRel|x64.ActiveCfg = MinSizeRel|x64
		{733B284E-BEB8-33E4-AD33-EBF8280DDDCB}.RelWithDebInfo|x64.ActiveCfg = RelWithDebInfo|x64
		{E28B96AA-2350-36CB-8390-F0B395C69B97}.Debug|x64.ActiveCfg = Debug|x64
		{E28B96AA-2350-36CB-8390-F0B395C69B97}.Debug|x64.Build.0 = Debug|x64
		{E28B96AA-2350-36CB-8390-F0B395C69B97}.Release|x64.ActiveCfg = Release|x64
		{E28B96AA-2350-36CB-8390-F0B395C69B97}.Release|x64.Build.0 = Release|x64
		{E28B96AA-2350-36CB-8390-F0B395C69B97}.MinSizeRel|x64.ActiveCfg = MinSizeRel|x64
		{E28B96AA-2350-36CB-8390-F0B395C69B97}.MinSizeRel|x64.Build.0 = MinSizeRel|x64
		{E28B96AA-2350-36CB-8390-F0B395C69B97}.RelWithDebInfo|x64.ActiveCfg = RelWithDebInfo|x64
		{E28B96AA-2350-36CB-8390-F0B395C69B97}.RelWithDebInfo|x64.Build.0 = RelWithDebInfo|x64
		{C3A6A176-AAD1-382C-B12C-1E5024890F78}.Debug|x64.ActiveCfg = Debug|x64
		{C3A6A176-AAD1-382C-B12C-1E5024890F78}.Debug|x64.Build.0 = Debug|x64
		{C3A6A176-AAD1-382C-B12C-1E5024890F78}.Release|x64.ActiveCfg = Release|x64
		{C3A6A176-AAD1-382C-B12C-1E5024890F78}.Release|x64.Build.0 = Release|x64
		{C3A6A176-AAD1-382C-B12C-1E5024890F78}.MinSizeRel|x64.ActiveCfg = MinSizeRel|x64
		{C3A6A176-AAD1-382C-B12C-1E5024890F78}.MinSizeRel|x64.Build.0 = MinSizeRel|x64
		{C3A6A176-AAD1-382C-B12C-1E5024890F78}.RelWithDebInfo|x64.ActiveCfg = RelWithDebInfo|x64
		{C3A6A176-AAD1-382C-B12C-1E5024890F78}.RelWithDebInfo|x64.Build.0 = RelWithDebInfo|x64
		{39E9AE68-793C-3154-88BB-27EAAC314769}.Debug|x64.ActiveCfg = Debug|x64
		{39E9AE68-793C-3154-88BB-27EAAC314769}.Debug|x64.Build.0 = Debug|x64
		{39E9AE68-793C-3154-88BB-27EAAC314769}.Release|x64.ActiveCfg = Release|x64
		{39E9AE68-793C-3154-88BB-27EAAC314769}.Release|x64.Build.0 = Release|x64
		{39E9AE68-793C-3154-88BB-27EAAC314769}.MinSizeRel|x64.ActiveCfg = MinSizeRel|x64
		{39E9AE68-793C-3154-88BB-27EAAC314769}.MinSizeRel|x64.Build.0 = MinSizeRel|x64
		{39E9AE68-793C-3154-88BB-27EAAC314769}.RelWithDebInfo|x64.ActiveCfg = RelWithDebInfo|x64
		{39E9AE68-793C-3154-88BB-27EAAC314769}.RelWithDebInfo|x64.Build.0 = RelWithDebInfo|x64
		{52DFDB8B-F709-3EF0-9B23-80767C825AC2}.Debug|x64.ActiveCfg = Debug|x64
		{52DFDB8B-F709-3EF0-9B23-80767C825AC2}.Debug|x64.Build.0 = Debug|x64
		{52DFDB8B-F709-3EF0-9B23-80767C825AC2}.Release|x64.ActiveCfg = Release|x64
		{52DFDB8B-F709-3EF0-9B23-80767C825AC2}.Release|x64.Build.0 = Release|x64
		{52DFDB8B-F709-3EF0-9B23-80767C825AC2}.MinSizeRel|x64.ActiveCfg = MinSizeRel|x64
		{52DFDB8B-F709-3EF0-9B23-80767C825AC2}.MinSizeRel|x64.Build.0 = MinSizeRel|x64
		{52DFDB8B-F709-3EF0-9B23-80767C825AC2}.RelWithDebInfo|x64.ActiveCfg = RelWithDebInfo|x64
		{52DFDB8B-F709-3EF0-9B23-80767C825AC2}.RelWithDebInfo|x64.Build.0 = RelWithDebInfo|x64
		{E19D6F97-B432-32AD-BB93-8E5DE33527B7}.Debug|x64.ActiveCfg = Debug|x64
		{E19D6F97-B432-32AD-BB93-8E5DE33527B7}.Debug|x64.Build.0 = Debug|x64
		{E19D6F97-B432-32AD-BB93-8E5DE33527B7}.Release|x64.ActiveCfg = Release|x64
		{E19D6F97-B432-32AD-BB93-8E5DE33527B7}.Release|x64.Build.0 = Release|x64
		{E19D6F97-B432-32AD-BB93-8E5DE33527B7}.MinSizeRel|x64.ActiveCfg = MinSizeRel|x64
		{E19D6F97-B432-32AD-BB93-8E5DE33527B7}.MinSizeRel|x64.Build.0 = MinSizeRel|x64
		{E19D6F97-B432-32AD-BB93-8E5DE33527B7}.RelWithDebInfo|x64.ActiveCfg = RelWithDebInfo|x64
		{E19D6F97-B432-32AD-BB93-8E5DE33527B7}.RelWithDebInfo|x64.Build.0 = RelWithDebInfo|x64
		{099D3FA2-ED8D-3DB0-AD4D-78FE7F06F17A}.Debug|x64.ActiveCfg = Debug|x64
		{099D3FA2-ED8D-3DB0-AD4D-78FE7F06F17A}.Debug|x64.Build.0 = Debug|x64
		{099D3FA2-ED8D-3DB0-AD4D-78FE7F06F17A}.Release|x64.ActiveCfg = Release|x64
		{099D3FA2-ED8D-3DB0-AD4D-78FE7F06F17A}.Release|x64.Build.0 = Release|x64
		{099D3FA2-ED8D-3DB0-AD4D-78FE7F06F17A}.MinSizeRel|x64.ActiveCfg = MinSizeRel|x64
		{099D3FA2-ED8D-3DB0-AD4D-78FE7F06F17A}.MinSizeRel|x64.Build.0 = MinSizeRel|x64
		{099D3FA2-ED8D-3DB0-AD4D-78FE7F06F17A}.RelWithDebInfo|x64.ActiveCfg = RelWithDebInfo|x64
		{099D3FA2-ED8D-3DB0-AD4D-78FE7F06F17A}.RelWithDebInfo|x64.Build.0 = RelWithDebInfo|x64
		{7F41EBE9-0B43-3074-BF97-DFEC914FDE34}.Debug|x64.ActiveCfg = Debug|x64
		{7F41EBE9-0B43-3074-BF97-DFEC914FDE34}.Debug|x64.Build.0 = Debug|x64
		{7F41EBE9-0B43-3074-BF97-DFEC914FDE34}.Release|x64.ActiveCfg = Release|x64
		{7F41EBE9-0B43-3074-BF97-DFEC914FDE34}.Release|x64.Build.0 = Release|x64
		{7F41EBE9-0B43-3074-BF97-DFEC914FDE34}.MinSizeRel|x64.ActiveCfg = MinSizeRel|x64
		{7F41EBE9-0B43-3074-BF97-DFEC914FDE34}.MinSizeRel|x64.Build.0 = MinSizeRel|x64
		{7F41EBE9-0B43-3074-BF97-DFEC914FDE34}.RelWithDebInfo|x64.ActiveCfg = RelWithDebInfo|x64
		{7F41EBE9-0B43-3074-BF97-DFEC914FDE34}.RelWithDebInfo|x64.Build.0 = RelWithDebInfo|x64
		{5AFCBDCA-59B7-3F76-BA23-F8CF3EE139D5}.Debug|x64.ActiveCfg = Debug|x64
		{5AFCBDCA-59B7-3F76-BA23-F8CF3EE139D5}.Debug|x64.Build.0 = Debug|x64
		{5AFCBDCA-59B7-3F76-BA23-F8CF3EE139D5}.Release|x64.ActiveCfg = Release|x64
		{5AFCBDCA-59B7-3F76-BA23-F8CF3EE139D5}.Release|x64.Build.0 = Release|x64
		{5AFCBDCA-59B7-3F76-BA23-F8CF3EE139D5}.MinSizeRel|x64.ActiveCfg = MinSizeRel|x64
		{5AFCBDCA-59B7-3F76-BA23-F8CF3EE139D5}.MinSizeRel|x64.Build.0 = MinSizeRel|x64
		{5AFCBDCA-59B7-3F76-BA23-F8CF3EE139D5}.RelWithDebInfo|x64.ActiveCfg = RelWithDebInfo|x64
		{5AFCBDCA-59B7-3F76-BA23-F8CF3EE139D5}.RelWithDebInfo|x64.Build.0 = RelWithDebInfo|x64
		{7EE529D7-BD14-313B-938D-727B65FB5E3D}.Debug|x64.ActiveCfg = Debug|x64
		{7EE529D7-BD14-313B-938D-727B65FB5E3D}.Debug|x64.Build.0 = Debug|x64
		{7EE529D7-BD14-313B-938D-727B65FB5E3D}.Release|x64.ActiveCfg = Release|x64
		{7EE529D7-BD14-313B-938D-727B65FB5E3D}.Release|x64.Build.0 = Release|x64
		{7EE529D7-BD14-313B-938D-727B65FB5E3D}.MinSizeRel|x64.ActiveCfg = MinSizeRel|x64
		{7EE529D7-BD14-313B-938D-727B65FB5E3D}.MinSizeRel|x64.Build.0 = MinSizeRel|x64
		{7EE529D7-BD14-313B-938D-727B65FB5E3D}.RelWithDebInfo|x64.ActiveCfg = RelWithDebInfo|x64
		{7EE529D7-BD14-313B-938D-727B65FB5E3D}.RelWithDebInfo|x64.Build.0 = RelWithDebInfo|x64
		{329EEC59-3124-376E-8A73-615C359C8323}.Debug|x64.ActiveCfg = Debug|x64
		{329EEC59-3124-376E-8A73-615C359C8323}.Debug|x64.Build.0 = Debug|x64
		{329EEC59-3124-376E-8A73-615C359C8323}.Release|x64.ActiveCfg = Release|x64
		{329EEC59-3124-376E-8A73-615C359C8323}.Release|x64.Build.0 = Release|x64
		{329EEC59-3124-376E-8A73-615C359C8323}.MinSizeRel|x64.ActiveCfg = MinSizeRel|x64
		{329EEC59-3124-376E-8A73-615C359C8323}.MinSizeRel|x64.Build.0 = MinSizeRel|x64
		{329EEC59-3124-376E-8A73-615C359C8323}.RelWithDebInfo|x64.ActiveCfg = RelWithDebInfo|x64
		{329EEC59-3124-376E-8A73-615C359C8323}.RelWithDebInfo|x64.Build.0 = RelWithDebInfo|x64
		{BA8A85FB-6C1C-3A0B-914A-24B4B2A9D205}.Debug|x64.ActiveCfg = Debug|x64
		{BA8A85FB-6C1C-3A0B-914A-24B4B2A9D205}.Debug|x64.Build.0 = Debug|x64
		{BA8A85FB-6C1C-3A0B-914A-24B4B2A9D205}.Release|x64.ActiveCfg = Release|x64
		{BA8A85FB-6C1C-3A0B-914A-24B4B2A9D205}.Release|x64.Build.0 = Release|x64
		{BA8A85FB-6C1C-3A0B-914A-24B4B2A9D205}.MinSizeRel|x64.ActiveCfg = MinSizeRel|x64
		{BA8A85FB-6C1C-3A0B-914A-24B4B2A9D205}.MinSizeRel|x64.Build.0 = MinSizeRel|x64
		{BA8A85FB-6C1C-3A0B-914A-24B4B2A9D205}.RelWithDebInfo|x64.ActiveCfg = RelWithDebInfo|x64
		{BA8A85FB-6C1C-3A0B-914A-24B4B2A9D205}.RelWithDebInfo|x64.Build.0 = RelWithDebInfo|x64
		{9196BDF2-2829-3B84-87F2-173B893E5164}.Debug|x64.ActiveCfg = Debug|x64
		{9196BDF2-2829-3B84-87F2-173B893E5164}.Debug|x64.Build.0 = Debug|x64
		{9196BDF2-2829-3B84-87F2-173B893E5164}.Release|x64.ActiveCfg = Release|x64
		{9196BDF2-2829-3B84-87F2-173B893E5164}.Release|x64.Build.0 = Release|x64
		{9196BDF2-2829-3B84-87F2-173B893E5164}.MinSizeRel|x64.ActiveCfg = MinSizeRel|x64
		{9196BDF2-2829-3B84-87F2-173B893E5164}.MinSizeRel|x64.Build.0 = MinSizeRel|x64
		{9196BDF2-2829-3B84-87F2-173B893E5164}.RelWithDebInfo|x64.ActiveCfg = RelWithDebInfo|x64
		{9196BDF2-2829-3B84-87F2-173B893E5164}.RelWithDebInfo|x64.Build.0 = RelWithDebInfo|x64
		{0E5DF003-0FAD-31EC-AFC2-7366FFA7849F}.Debug|x64.ActiveCfg = Debug|x64
		{0E5DF003-0FAD-31EC-AFC2-7366FFA7849F}.Debug|x64.Build.0 = Debug|x64
		{0E5DF003-0FAD-31EC-AFC2-7366FFA7849F}.Release|x64.ActiveCfg = Release|x64
		{0E5DF003-0FAD-31EC-AFC2-7366FFA7849F}.Release|x64.Build.0 = Release|x64
		{0E5DF003-0FAD-31EC-AFC2-7366FFA7849F}.MinSizeRel|x64.ActiveCfg = MinSizeRel|x64
		{0E5DF003-0FAD-31EC-AFC2-7366FFA7849F}.MinSizeRel|x64.Build.0 = MinSizeRel|x64
		{0E5DF003-0FAD-31EC-AFC2-7366FFA7849F}.RelWithDebInfo|x64.ActiveCfg = RelWithDebInfo|x64
		{0E5DF003-0FAD-31EC-AFC2-7366FFA7849F}.RelWithDebInfo|x64.Build.0 = RelWithDebInfo|x64
		{37F72B08-0CC7-31A4-A468-7FB89A538D33}.Debug|x64.ActiveCfg = Debug|x64
		{37F72B08-0CC7-31A4-A468-7FB89A538D33}.Debug|x64.Build.0 = Debug|x64
		{37F72B08-0CC7-31A4-A468-7FB89A538D33}.Release|x64.ActiveCfg = Release|x64
		{37F72B08-0CC7-31A4-A468-7FB89A538D33}.Release|x64.Build.0 = Release|x64
		{37F72B08-0CC7-31A4-A468-7FB89A538D33}.MinSizeRel|x64.ActiveCfg = MinSizeRel|x64
		{37F72B08-0CC7-31A4-A468-7FB89A538D33}.MinSizeRel|x64.Build.0 = MinSizeRel|x64
		{37F72B08-0CC7-31A4-A468-7FB89A538D33}.RelWithDebInfo|x64.ActiveCfg = RelWithDebInfo|x64
		{37F72B08-0CC7-31A4-A468-7FB89A538D33}.RelWithDebInfo|x64.Build.0 = RelWithDebInfo|x64
		{8857CE1E-CD00-3D43-9932-53087F95E17F}.Debug|x64.ActiveCfg = Debug|x64
		{8857CE1E-CD00-3D43-9932-53087F95E17F}.Debug|x64.Build.0 = Debug|x64
		{8857CE1E-CD00-3D43-9932-53087F95E17F}.Release|x64.ActiveCfg = Release|x64
		{8857CE1E-CD00-3D43-9932-53087F95E17F}.Release|x64.Build.0 = Release|x64
		{8857CE1E-CD00-3D43-9932-53087F95E17F}.MinSizeRel|x64.ActiveCfg = MinSizeRel|x64
		{8857CE1E-CD00-3D43-9932-53087F95E17F}.MinSizeRel|x64.Build.0 = MinSizeRel|x64
		{8857CE1E-CD00-3D43-9932-53087F95E17F}.RelWithDebInfo|x64.ActiveCfg = RelWithDebInfo|x64
		{8857CE1E-CD00-3D43-9932-53087F95E17F}.RelWithDebInfo|x64.Build.0 = RelWithDebInfo|x64
		{90AA2F93-1122-30DF-AC95-B954C7C358D5}.Debug|x64.ActiveCfg = Debug|x64
		{90AA2F93-1122-30DF-AC95-B954C7C358D5}.Debug|x64.Build.0 = Debug|x64
		{90AA2F93-1122-30DF-AC95-B954C7C358D5}.Release|x64.ActiveCfg = Release|x64
		{90AA2F93-1122-30DF-AC95-B954C7C358D5}.Release|x64.Build.0 = Release|x64
		{90AA2F93-1122-30DF-AC95-B954C7C358D5}.MinSizeRel|x64.ActiveCfg = MinSizeRel|x64
		{90AA2F93-1122-30DF-AC95-B954C7C358D5}.MinSizeRel|x64.Build.0 = MinSizeRel|x64
		{90AA2F93-1122-30DF-AC95-B954C7C358D5}.RelWithDebInfo|x64.ActiveCfg = RelWithDebInfo|x64
		{90AA2F93-1122-30DF-AC95-B954C7C358D5}.RelWithDebInfo|x64.Build.0 = RelWithDebInfo|x64
		{D75C714D-F2CA-3B37-A224-E53DD0099EF9}.Debug|x64.ActiveCfg = Debug|x64
		{D75C714D-F2CA-3B37-A224-E53DD0099EF9}.Debug|x64.Build.0 = Debug|x64
		{D75C714D-F2CA-3B37-A224-E53DD0099EF9}.Release|x64.ActiveCfg = Release|x64
		{D75C714D-F2CA-3B37-A224-E53DD0099EF9}.Release|x64.Build.0 = Release|x64
		{D75C714D-F2CA-3B37-A224-E53DD0099EF9}.MinSizeRel|x64.ActiveCfg = MinSizeRel|x64
		{D75C714D-F2CA-3B37-A224-E53DD0099EF9}.MinSizeRel|x64.Build.0 = MinSizeRel|x64
		{D75C714D-F2CA-3B37-A224-E53DD0099EF9}.RelWithDebInfo|x64.ActiveCfg = RelWithDebInfo|x64
		{D75C714D-F2CA-3B37-A224-E53DD0099EF9}.RelWithDebInfo|x64.Build.0 = RelWithDebInfo|x64
		{A2FC6CE5-6781-3A8A-8194-E783349566A7}.Debug|x64.ActiveCfg = Debug|x64
		{A2FC6CE5-6781-3A8A-8194-E783349566A7}.Debug|x64.Build.0 = Debug|x64
		{A2FC6CE5-6781-3A8A-8194-E783349566A7}.Release|x64.ActiveCfg = Release|x64
		{A2FC6CE5-6781-3A8A-8194-E783349566A7}.Release|x64.Build.0 = Release|x64
		{A2FC6CE5-6781-3A8A-8194-E783349566A7}.MinSizeRel|x64.ActiveCfg = MinSizeRel|x64
		{A2FC6CE5-6781-3A8A-8194-E783349566A7}.MinSizeRel|x64.Build.0 = MinSizeRel|x64
		{A2FC6CE5-6781-3A8A-8194-E783349566A7}.RelWithDebInfo|x64.ActiveCfg = RelWithDebInfo|x64
		{A2FC6CE5-6781-3A8A-8194-E783349566A7}.RelWithDebInfo|x64.Build.0 = RelWithDebInfo|x64
		{C9FBAE5F-9B52-3A2C-85DD-51FC02B99C20}.Debug|x64.ActiveCfg = Debug|x64
		{C9FBAE5F-9B52-3A2C-85DD-51FC02B99C20}.Debug|x64.Build.0 = Debug|x64
		{C9FBAE5F-9B52-3A2C-85DD-51FC02B99C20}.Release|x64.ActiveCfg = Release|x64
		{C9FBAE5F-9B52-3A2C-85DD-51FC02B99C20}.Release|x64.Build.0 = Release|x64
		{C9FBAE5F-9B52-3A2C-85DD-51FC02B99C20}.MinSizeRel|x64.ActiveCfg = MinSizeRel|x64
		{C9FBAE5F-9B52-3A2C-85DD-51FC02B99C20}.MinSizeRel|x64.Build.0 = MinSizeRel|x64
		{C9FBAE5F-9B52-3A2C-85DD-51FC02B99C20}.RelWithDebInfo|x64.ActiveCfg = RelWithDebInfo|x64
		{C9FBAE5F-9B52-3A2C-85DD-51FC02B99C20}.RelWithDebInfo|x64.Build.0 = RelWithDebInfo|x64
		{C910A9CB-B8CD-38AE-8923-FB2B70FAE1C3}.Debug|x64.ActiveCfg = Debug|x64
		{C910A9CB-B8CD-38AE-8923-FB2B70FAE1C3}.Debug|x64.Build.0 = Debug|x64
		{C910A9CB-B8CD-38AE-8923-FB2B70FAE1C3}.Release|x64.ActiveCfg = Release|x64
		{C910A9CB-B8CD-38AE-8923-FB2B70FAE1C3}.Release|x64.Build.0 = Release|x64
		{C910A9CB-B8CD-38AE-8923-FB2B70FAE1C3}.MinSizeRel|x64.ActiveCfg = MinSizeRel|x64
		{C910A9CB-B8CD-38AE-8923-FB2B70FAE1C3}.MinSizeRel|x64.Build.0 = MinSizeRel|x64
		{C910A9CB-B8CD-38AE-8923-FB2B70FAE1C3}.RelWithDebInfo|x64.ActiveCfg = RelWithDebInfo|x64
		{C910A9CB-B8CD-38AE-8923-FB2B70FAE1C3}.RelWithDebInfo|x64.Build.0 = RelWithDebInfo|x64
		{4E87DAD7-C8DC-3E31-B313-8099DD3ECAA6}.Debug|x64.ActiveCfg = Debug|x64
		{4E87DAD7-C8DC-3E31-B313-8099DD3ECAA6}.Debug|x64.Build.0 = Debug|x64
		{4E87DAD7-C8DC-3E31-B313-8099DD3ECAA6}.Release|x64.ActiveCfg = Release|x64
		{4E87DAD7-C8DC-3E31-B313-8099DD3ECAA6}.Release|x64.Build.0 = Release|x64
		{4E87DAD7-C8DC-3E31-B313-8099DD3ECAA6}.MinSizeRel|x64.ActiveCfg = MinSizeRel|x64
		{4E87DAD7-C8DC-3E31-B313-8099DD3ECAA6}.MinSizeRel|x64.Build.0 = MinSizeRel|x64
		{4E87DAD7-C8DC-3E31-B313-8099DD3ECAA6}.RelWithDebInfo|x64.ActiveCfg = RelWithDebInfo|x64
		{4E87DAD7-C8DC-3E31-B313-8099DD3ECAA6}.RelWithDebInfo|x64.Build.0 = RelWithDebInfo|x64
		{A851210E-A996-321C-AADD-FCBAEB01413B}.Debug|x64.ActiveCfg = Debug|x64
		{A851210E-A996-321C-AADD-FCBAEB01413B}.Debug|x64.Build.0 = Debug|x64
		{A851210E-A996-321C-AADD-FCBAEB01413B}.Release|x64.ActiveCfg = Release|x64
		{A851210E-A996-321C-AADD-FCBAEB01413B}.Release|x64.Build.0 = Release|x64
		{A851210E-A996-321C-AADD-FCBAEB01413B}.MinSizeRel|x64.ActiveCfg = MinSizeRel|x64
		{A851210E-A996-321C-AADD-FCBAEB01413B}.MinSizeRel|x64.Build.0 = MinSizeRel|x64
		{A851210E-A996-321C-AADD-FCBAEB01413B}.RelWithDebInfo|x64.ActiveCfg = RelWithDebInfo|x64
		{A851210E-A996-321C-AADD-FCBAEB01413B}.RelWithDebInfo|x64.Build.0 = RelWithDebInfo|x64
	EndGlobalSection
	GlobalSection(ExtensibilityGlobals) = postSolution
		SolutionGuid = {92FA27CF-E9F5-361C-9047-C3EA17D102B5}
	EndGlobalSection
	GlobalSection(ExtensibilityAddIns) = postSolution
	EndGlobalSection
EndGlobal
